{
  "version": "5",
  "remote": {
    "https://esm.sh/@supabase/supabase-js@2.48.1": "b9a3a846ddbe85569795a9a2055336f1353c6eea2f5ca05bd6a6c14284dfe20a",
    "https://esm.sh/aws4fetch@1.0.20": "72c2789ab2e7a037ed00c4230574ccc31a0c0cebc7ebd19a2c9da574e3133bc7"
  },
  "workspace": {
    "packageJson": {
      "dependencies": [
        "npm:@dnd-kit/core@^6.3.1",
        "npm:@dnd-kit/sortable@10",
        "npm:@dnd-kit/utilities@^3.2.2",
        "npm:@supabase/supabase-js@^2.116.0",
        "npm:@tailwindcss/vite@^4.3.3",
        "npm:@tanstack/react-query@^5.102.8",
        "npm:@types/node@^24.13.3",
        "npm:@types/react-dom@^19.2.7",
        "npm:@types/react@^19.2.18",
        "npm:@vitejs/plugin-react@^6.1.1",
        "npm:music-metadata@^11.15.0",
        "npm:oxlint@^1.81.0",
        "npm:react-dom@^19.2.8",
        "npm:react-router-dom@^7.18.3",
        "npm:react@^19.2.8",
        "npm:tailwindcss@^4.3.3",
        "npm:typescript@~6.0.2",
        "npm:vite@^8.3.0"
      ]
    }
  }
}
